
Microsoft Visual Studio Solution File, Format Version 12.00
# Visual Studio Version 17
VisualStudioVersion = 17.5.33516.290
MinimumVisualStudioVersion = 10.0.40219.1
Project("{9A19103F-16F7-4668-BE54-9A1E7A4F7556}") = "PessoasContatosAPI", "PessoasContatosAPI.csproj", "{9F1819A2-0D13-476A-BA71-678D34B757F0}"
EndProject
Global
	GlobalSection(SolutionConfigurationPlatforms) = preSolution
		Debug|Any CPU = Debug|Any CPU
		Release|Any CPU = Release|Any CPU
	EndGlobalSection
	GlobalSection(ProjectConfigurationPlatforms) = postSolution
		{9F1819A2-0D13-476A-BA71-678D34B757F0}.Debug|Any CPU.ActiveCfg = Debug|Any CPU
		{9F1819A2-0D13-476A-BA71-678D34B757F0}.Debug|Any CPU.Build.0 = Debug|Any CPU
		{9F1819A2-0D13-476A-BA71-678D34B757F0}.Release|Any CPU.ActiveCfg = Release|Any CPU
		{9F1819A2-0D13-476A-BA71-678D34B757F0}.Release|Any CPU.Build.0 = Release|Any CPU
	EndGlobalSection
	GlobalSection(SolutionProperties) = preSolution
		HideSolutionNode = FALSE
	EndGlobalSection
	GlobalSection(ExtensibilityGlobals) = postSolution
		SolutionGuid = {2B959E17-DC2D-48C5-A324-015C30FA2E86}
	EndGlobalSection
EndGlobal
